version: 1
corpus: test-consumer
role: consumer
upstream:
  url:
accepted-divergences:
  - path: .ci/accepted-active.txt
    reason: Deliberately kept different in this corpus (test).
  - path: .ci/accepted-resolved.txt
    reason: Was different once; identical again now — the check should flag it resolved.
